
Microsoft Visual Studio Solution File, Format Version 12.00
# Visual Studio 15
VisualStudioVersion = 15.0.28307.852
MinimumVisualStudioVersion = 10.0.40219.1
Project("{FAE04EC0-301F-11D3-BF4B-00C04F79EFBC}") = "Yahtzee.Tests", "Yahtzee.Tests\Yahtzee.Tests.csproj", "{2D8EA623-0942-4039-9CE4-BCAB08CA5544}"
EndProject
Global
	GlobalSection(SolutionConfigurationPlatforms) = preSolution
		Debug|Any CPU = Debug|Any CPU
		Release|Any CPU = Release|Any CPU
	EndGlobalSection
	GlobalSection(ProjectConfigurationPlatforms) = postSolution
		{2D8EA623-0942-4039-9CE4-BCAB08CA5544}.Debug|Any CPU.ActiveCfg = Debug|Any CPU
		{2D8EA623-0942-4039-9CE4-BCAB08CA5544}.Debug|Any CPU.Build.0 = Debug|Any CPU
		{2D8EA623-0942-4039-9CE4-BCAB08CA5544}.Release|Any CPU.ActiveCfg = Release|Any CPU
		{2D8EA623-0942-4039-9CE4-BCAB08CA5544}.Release|Any CPU.Build.0 = Release|Any CPU
	EndGlobalSection
	GlobalSection(SolutionProperties) = preSolution
		HideSolutionNode = FALSE
	EndGlobalSection
	GlobalSection(ExtensibilityGlobals) = postSolution
		SolutionGuid = {6E8F7902-4965-4ABE-8D4D-6B09B1E0A435}
	EndGlobalSection
EndGlobal
